
Microsoft Visual Studio Solution File, Format Version 12.00
# Visual Studio Version 16
VisualStudioVersion = 16.0.30114.105
MinimumVisualStudioVersion = 10.0.40219.1
Project("{9A19103F-16F7-4668-BE54-9A1E7A4F7556}") = "UtilsCSharp", "UtilsCSharp\UtilsCSharp.csproj", "{8D37C2EC-074E-4715-94D0-7310EBF9E813}"
EndProject
Project("{9A19103F-16F7-4668-BE54-9A1E7A4F7556}") = "OOP", "OOP\OOP.csproj", "{E1DBD092-A0EE-4A8D-97D0-E8CF955D3C9D}"
EndProject
Project("{9A19103F-16F7-4668-BE54-9A1E7A4F7556}") = "CustomerOrderViewer", "CustomerOrderViewer\CustomerOrderViewer.csproj", "{3A01EB2B-0755-4447-AC99-7E922084825E}"
EndProject
Project("{9A19103F-16F7-4668-BE54-9A1E7A4F7556}") = "SendEmailCSharp", "SendEmailCSharp\SendEmailCSharp.csproj", "{1037BB8A-F5E7-43BA-B43C-BF12DF1940E4}"
EndProject
Project("{9A19103F-16F7-4668-BE54-9A1E7A4F7556}") = "DemoWebAPI", "DemoWebAPI\DemoWebAPI.csproj", "{0C2643B9-9A65-4EA4-88EA-2279DA1C8F33}"
EndProject
Project("{9A19103F-16F7-4668-BE54-9A1E7A4F7556}") = "Worker.Client", "Worker.Client\Worker.Client.csproj", "{D18B05BF-0213-4742-A7A0-FB0C7E371302}"
EndProject
Project("{9A19103F-16F7-4668-BE54-9A1E7A4F7556}") = "Worker.BulkInsert", "Worker.BulkInsert\Worker.BulkInsert.csproj", "{DDE1706D-8B7D-4CE3-8648-57586BDD0B53}"
EndProject
Project("{FAE04EC0-301F-11D3-BF4B-00C04F79EFBC}") = "ShipJungHelper", "ShipJungHelper\ShipJungHelper.csproj", "{3DD664E7-4937-4436-89E0-3B390A1FD36A}"
EndProject
Global
	GlobalSection(SolutionConfigurationPlatforms) = preSolution
		Debug|Any CPU = Debug|Any CPU
		Debug|x64 = Debug|x64
		Debug|x86 = Debug|x86
		Release|Any CPU = Release|Any CPU
		Release|x64 = Release|x64
		Release|x86 = Release|x86
	EndGlobalSection
	GlobalSection(ProjectConfigurationPlatforms) = postSolution
		{8D37C2EC-074E-4715-94D0-7310EBF9E813}.Debug|Any CPU.ActiveCfg = Debug|Any CPU
		{8D37C2EC-074E-4715-94D0-7310EBF9E813}.Debug|Any CPU.Build.0 = Debug|Any CPU
		{8D37C2EC-074E-4715-94D0-7310EBF9E813}.Debug|x64.ActiveCfg = Debug|Any CPU
		{8D37C2EC-074E-4715-94D0-7310EBF9E813}.Debug|x64.Build.0 = Debug|Any CPU
		{8D37C2EC-074E-4715-94D0-7310EBF9E813}.Debug|x86.ActiveCfg = Debug|Any CPU
		{8D37C2EC-074E-4715-94D0-7310EBF9E813}.Debug|x86.Build.0 = Debug|Any CPU
		{8D37C2EC-074E-4715-94D0-7310EBF9E813}.Release|Any CPU.ActiveCfg = Release|Any CPU
		{8D37C2EC-074E-4715-94D0-7310EBF9E813}.Release|Any CPU.Build.0 = Release|Any CPU
		{8D37C2EC-074E-4715-94D0-7310EBF9E813}.Release|x64.ActiveCfg = Release|Any CPU
		{8D37C2EC-074E-4715-94D0-7310EBF9E813}.Release|x64.Build.0 = Release|Any CPU
		{8D37C2EC-074E-4715-94D0-7310EBF9E813}.Release|x86.ActiveCfg = Release|Any CPU
		{8D37C2EC-074E-4715-94D0-7310EBF9E813}.Release|x86.Build.0 = Release|Any CPU
		{E1DBD092-A0EE-4A8D-97D0-E8CF955D3C9D}.Debug|Any CPU.ActiveCfg = Debug|Any CPU
		{E1DBD092-A0EE-4A8D-97D0-E8CF955D3C9D}.Debug|Any CPU.Build.0 = Debug|Any CPU
		{E1DBD092-A0EE-4A8D-97D0-E8CF955D3C9D}.Debug|x64.ActiveCfg = Debug|Any CPU
		{E1DBD092-A0EE-4A8D-97D0-E8CF955D3C9D}.Debug|x64.Build.0 = Debug|Any CPU
		{E1DBD092-A0EE-4A8D-97D0-E8CF955D3C9D}.Debug|x86.ActiveCfg = Debug|Any CPU
		{E1DBD092-A0EE-4A8D-97D0-E8CF955D3C9D}.Debug|x86.Build.0 = Debug|Any CPU
		{E1DBD092-A0EE-4A8D-97D0-E8CF955D3C9D}.Release|Any CPU.ActiveCfg = Release|Any CPU
		{E1DBD092-A0EE-4A8D-97D0-E8CF955D3C9D}.Release|Any CPU.Build.0 = Release|Any CPU
		{E1DBD092-A0EE-4A8D-97D0-E8CF955D3C9D}.Release|x64.ActiveCfg = Release|Any CPU
		{E1DBD092-A0EE-4A8D-97D0-E8CF955D3C9D}.Release|x64.Build.0 = Release|Any CPU
		{E1DBD092-A0EE-4A8D-97D0-E8CF955D3C9D}.Release|x86.ActiveCfg = Release|Any CPU
		{E1DBD092-A0EE-4A8D-97D0-E8CF955D3C9D}.Release|x86.Build.0 = Release|Any CPU
		{3A01EB2B-0755-4447-AC99-7E922084825E}.Debug|Any CPU.ActiveCfg = Debug|Any CPU
		{3A01EB2B-0755-4447-AC99-7E922084825E}.Debug|Any CPU.Build.0 = Debug|Any CPU
		{3A01EB2B-0755-4447-AC99-7E922084825E}.Debug|x64.ActiveCfg = Debug|Any CPU
		{3A01EB2B-0755-4447-AC99-7E922084825E}.Debug|x64.Build.0 = Debug|Any CPU
		{3A01EB2B-0755-4447-AC99-7E922084825E}.Debug|x86.ActiveCfg = Debug|Any CPU
		{3A01EB2B-0755-4447-AC99-7E922084825E}.Debug|x86.Build.0 = Debug|Any CPU
		{3A01EB2B-0755-4447-AC99-7E922084825E}.Release|Any CPU.ActiveCfg = Release|Any CPU
		{3A01EB2B-0755-4447-AC99-7E922084825E}.Release|Any CPU.Build.0 = Release|Any CPU
		{3A01EB2B-0755-4447-AC99-7E922084825E}.Release|x64.ActiveCfg = Release|Any CPU
		{3A01EB2B-0755-4447-AC99-7E922084825E}.Release|x64.Build.0 = Release|Any CPU
		{3A01EB2B-0755-4447-AC99-7E922084825E}.Release|x86.ActiveCfg = Release|Any CPU
		{3A01EB2B-0755-4447-AC99-7E922084825E}.Release|x86.Build.0 = Release|Any CPU
		{1037BB8A-F5E7-43BA-B43C-BF12DF1940E4}.Debug|Any CPU.ActiveCfg = Debug|Any CPU
		{1037BB8A-F5E7-43BA-B43C-BF12DF1940E4}.Debug|Any CPU.Build.0 = Debug|Any CPU
		{1037BB8A-F5E7-43BA-B43C-BF12DF1940E4}.Debug|x64.ActiveCfg = Debug|Any CPU
		{1037BB8A-F5E7-43BA-B43C-BF12DF1940E4}.Debug|x64.Build.0 = Debug|Any CPU
		{1037BB8A-F5E7-43BA-B43C-BF12DF1940E4}.Debug|x86.ActiveCfg = Debug|Any CPU
		{1037BB8A-F5E7-43BA-B43C-BF12DF1940E4}.Debug|x86.Build.0 = Debug|Any CPU
		{1037BB8A-F5E7-43BA-B43C-BF12DF1940E4}.Release|Any CPU.ActiveCfg = Release|Any CPU
		{1037BB8A-F5E7-43BA-B43C-BF12DF1940E4}.Release|Any CPU.Build.0 = Release|Any CPU
		{1037BB8A-F5E7-43BA-B43C-BF12DF1940E4}.Release|x64.ActiveCfg = Release|Any CPU
		{1037BB8A-F5E7-43BA-B43C-BF12DF1940E4}.Release|x64.Build.0 = Release|Any CPU
		{1037BB8A-F5E7-43BA-B43C-BF12DF1940E4}.Release|x86.ActiveCfg = Release|Any CPU
		{1037BB8A-F5E7-43BA-B43C-BF12DF1940E4}.Release|x86.Build.0 = Release|Any CPU
		{0C2643B9-9A65-4EA4-88EA-2279DA1C8F33}.Debug|Any CPU.ActiveCfg = Debug|Any CPU
		{0C2643B9-9A65-4EA4-88EA-2279DA1C8F33}.Debug|Any CPU.Build.0 = Debug|Any CPU
		{0C2643B9-9A65-4EA4-88EA-2279DA1C8F33}.Debug|x64.ActiveCfg = Debug|Any CPU
		{0C2643B9-9A65-4EA4-88EA-2279DA1C8F33}.Debug|x64.Build.0 = Debug|Any CPU
		{0C2643B9-9A65-4EA4-88EA-2279DA1C8F33}.Debug|x86.ActiveCfg = Debug|Any CPU
		{0C2643B9-9A65-4EA4-88EA-2279DA1C8F33}.Debug|x86.Build.0 = Debug|Any CPU
		{0C2643B9-9A65-4EA4-88EA-2279DA1C8F33}.Release|Any CPU.ActiveCfg = Release|Any CPU
		{0C2643B9-9A65-4EA4-88EA-2279DA1C8F33}.Release|Any CPU.Build.0 = Release|Any CPU
		{0C2643B9-9A65-4EA4-88EA-2279DA1C8F33}.Release|x64.ActiveCfg = Release|Any CPU
		{0C2643B9-9A65-4EA4-88EA-2279DA1C8F33}.Release|x64.Build.0 = Release|Any CPU
		{0C2643B9-9A65-4EA4-88EA-2279DA1C8F33}.Release|x86.ActiveCfg = Release|Any CPU
		{0C2643B9-9A65-4EA4-88EA-2279DA1C8F33}.Release|x86.Build.0 = Release|Any CPU
		{D18B05BF-0213-4742-A7A0-FB0C7E371302}.Debug|Any CPU.ActiveCfg = Debug|Any CPU
		{D18B05BF-0213-4742-A7A0-FB0C7E371302}.Debug|Any CPU.Build.0 = Debug|Any CPU
		{D18B05BF-0213-4742-A7A0-FB0C7E371302}.Debug|x64.ActiveCfg = Debug|Any CPU
		{D18B05BF-0213-4742-A7A0-FB0C7E371302}.Debug|x64.Build.0 = Debug|Any CPU
		{D18B05BF-0213-4742-A7A0-FB0C7E371302}.Debug|x86.ActiveCfg = Debug|Any CPU
		{D18B05BF-0213-4742-A7A0-FB0C7E371302}.Debug|x86.Build.0 = Debug|Any CPU
		{D18B05BF-0213-4742-A7A0-FB0C7E371302}.Release|Any CPU.ActiveCfg = Release|Any CPU
		{D18B05BF-0213-4742-A7A0-FB0C7E371302}.Release|Any CPU.Build.0 = Release|Any CPU
		{D18B05BF-0213-4742-A7A0-FB0C7E371302}.Release|x64.ActiveCfg = Release|Any CPU
		{D18B05BF-0213-4742-A7A0-FB0C7E371302}.Release|x64.Build.0 = Release|Any CPU
		{D18B05BF-0213-4742-A7A0-FB0C7E371302}.Release|x86.ActiveCfg = Release|Any CPU
		{D18B05BF-0213-4742-A7A0-FB0C7E371302}.Release|x86.Build.0 = Release|Any CPU
		{DDE1706D-8B7D-4CE3-8648-57586BDD0B53}.Debug|Any CPU.ActiveCfg = Debug|Any CPU
		{DDE1706D-8B7D-4CE3-8648-57586BDD0B53}.Debug|Any CPU.Build.0 = Debug|Any CPU
		{DDE1706D-8B7D-4CE3-8648-57586BDD0B53}.Debug|x64.ActiveCfg = Debug|Any CPU
		{DDE1706D-8B7D-4CE3-8648-57586BDD0B53}.Debug|x64.Build.0 = Debug|Any CPU
		{DDE1706D-8B7D-4CE3-8648-57586BDD0B53}.Debug|x86.ActiveCfg = Debug|Any CPU
		{DDE1706D-8B7D-4CE3-8648-57586BDD0B53}.Debug|x86.Build.0 = Debug|Any CPU
		{DDE1706D-8B7D-4CE3-8648-57586BDD0B53}.Release|Any CPU.ActiveCfg = Release|Any CPU
		{DDE1706D-8B7D-4CE3-8648-57586BDD0B53}.Release|Any CPU.Build.0 = Release|Any CPU
		{DDE1706D-8B7D-4CE3-8648-57586BDD0B53}.Release|x64.ActiveCfg = Release|Any CPU
		{DDE1706D-8B7D-4CE3-8648-57586BDD0B53}.Release|x64.Build.0 = Release|Any CPU
		{DDE1706D-8B7D-4CE3-8648-57586BDD0B53}.Release|x86.ActiveCfg = Release|Any CPU
		{DDE1706D-8B7D-4CE3-8648-57586BDD0B53}.Release|x86.Build.0 = Release|Any CPU
		{3DD664E7-4937-4436-89E0-3B390A1FD36A}.Debug|Any CPU.ActiveCfg = Debug|Any CPU
		{3DD664E7-4937-4436-89E0-3B390A1FD36A}.Debug|Any CPU.Build.0 = Debug|Any CPU
		{3DD664E7-4937-4436-89E0-3B390A1FD36A}.Debug|x64.ActiveCfg = Debug|Any CPU
		{3DD664E7-4937-4436-89E0-3B390A1FD36A}.Debug|x64.Build.0 = Debug|Any CPU
		{3DD664E7-4937-4436-89E0-3B390A1FD36A}.Debug|x86.ActiveCfg = Debug|Any CPU
		{3DD664E7-4937-4436-89E0-3B390A1FD36A}.Debug|x86.Build.0 = Debug|Any CPU
		{3DD664E7-4937-4436-89E0-3B390A1FD36A}.Release|Any CPU.ActiveCfg = Release|Any CPU
		{3DD664E7-4937-4436-89E0-3B390A1FD36A}.Release|Any CPU.Build.0 = Release|Any CPU
		{3DD664E7-4937-4436-89E0-3B390A1FD36A}.Release|x64.ActiveCfg = Release|Any CPU
		{3DD664E7-4937-4436-89E0-3B390A1FD36A}.Release|x64.Build.0 = Release|Any CPU
		{3DD664E7-4937-4436-89E0-3B390A1FD36A}.Release|x86.ActiveCfg = Release|Any CPU
		{3DD664E7-4937-4436-89E0-3B390A1FD36A}.Release|x86.Build.0 = Release|Any CPU
	EndGlobalSection
	GlobalSection(SolutionProperties) = preSolution
		HideSolutionNode = FALSE
	EndGlobalSection
	GlobalSection(ExtensibilityGlobals) = postSolution
		SolutionGuid = {950146F5-EB7D-4E74-8612-610B4860BC69}
	EndGlobalSection
EndGlobal
